// !$*UTF8*$!
{
	archiveVersion = 1;
	classes = {
	};
	objectVersion = 56;
	objects = {

/* Begin PBXBuildFile section */
		ECB718EC2B4FD064007A9BD2 /* Shopping.storyboard in Resources */ = {isa = PBXBuildFile; fileRef = ECB718EB2B4FD064007A9BD2 /* Shopping.storyboard */; };
		ECB718EE2B4FD087007A9BD2 /* Trip.storyboard in Resources */ = {isa = PBXBuildFile; fileRef = ECB718ED2B4FD087007A9BD2 /* Trip.storyboard */; };
		ECB718F02B4FD0E1007A9BD2 /* City.storyboard in Resources */ = {isa = PBXBuildFile; fileRef = ECB718EF2B4FD0E1007A9BD2 /* City.storyboard */; };
		ECE03A562B4C1DB8006C9C32 /* TripTableViewController.swift in Sources */ = {isa = PBXBuildFile; fileRef = ECE03A552B4C1DB8006C9C32 /* TripTableViewController.swift */; };
		ECE03A582B4C1DD3006C9C32 /* TripTableViewCell.swift in Sources */ = {isa = PBXBuildFile; fileRef = ECE03A572B4C1DD3006C9C32 /* TripTableViewCell.swift */; };
		ECE03A5B2B4C2042006C9C32 /* Kingfisher in Frameworks */ = {isa = PBXBuildFile; productRef = ECE03A5A2B4C2042006C9C32 /* Kingfisher */; };
		ECE9A6AD2B4EB9DE00C2212E /* CityInfo.swift in Sources */ = {isa = PBXBuildFile; fileRef = ECE9A6AC2B4EB9DE00C2212E /* CityInfo.swift */; };
		ECE9A6AF2B4EBA3500C2212E /* TripInfo.swift in Sources */ = {isa = PBXBuildFile; fileRef = ECE9A6AE2B4EBA3500C2212E /* TripInfo.swift */; };
		ECEF696D2B4D51DF00CA8970 /* CityViewController.swift in Sources */ = {isa = PBXBuildFile; fileRef = ECEF696C2B4D51DF00CA8970 /* CityViewController.swift */; };
		ECEF69702B4D53A800CA8970 /* CityCollectionViewCell.swift in Sources */ = {isa = PBXBuildFile; fileRef = ECEF696E2B4D53A800CA8970 /* CityCollectionViewCell.swift */; };
		ECEF69712B4D53A800CA8970 /* CityCollectionViewCell.xib in Resources */ = {isa = PBXBuildFile; fileRef = ECEF696F2B4D53A800CA8970 /* CityCollectionViewCell.xib */; };
		ECF11C182B4C1083000B6936 /* AppDelegate.swift in Sources */ = {isa = PBXBuildFile; fileRef = ECF11C172B4C1083000B6936 /* AppDelegate.swift */; };
		ECF11C1A2B4C1083000B6936 /* SceneDelegate.swift in Sources */ = {isa = PBXBuildFile; fileRef = ECF11C192B4C1083000B6936 /* SceneDelegate.swift */; };
		ECF11C1C2B4C1083000B6936 /* ViewController.swift in Sources */ = {isa = PBXBuildFile; fileRef = ECF11C1B2B4C1083000B6936 /* ViewController.swift */; };
		ECF11C1F2B4C1083000B6936 /* Main.storyboard in Resources */ = {isa = PBXBuildFile; fileRef = ECF11C1D2B4C1083000B6936 /* Main.storyboard */; };
		ECF11C212B4C1084000B6936 /* Assets.xcassets in Resources */ = {isa = PBXBuildFile; fileRef = ECF11C202B4C1084000B6936 /* Assets.xcassets */; };
		ECF11C242B4C1084000B6936 /* LaunchScreen.storyboard in Resources */ = {isa = PBXBuildFile; fileRef = ECF11C222B4C1084000B6936 /* LaunchScreen.storyboard */; };
		ECF11C2C2B4C1105000B6936 /* ShoppingTableViewCell.swift in Sources */ = {isa = PBXBuildFile; fileRef = ECF11C2B2B4C1105000B6936 /* ShoppingTableViewCell.swift */; };
		ECF11C2E2B4C111E000B6936 /* ShoppingTableViewController.swift in Sources */ = {isa = PBXBuildFile; fileRef = ECF11C2D2B4C111E000B6936 /* ShoppingTableViewController.swift */; };
/* End PBXBuildFile section */

/* Begin PBXFileReference section */
		ECB718EB2B4FD064007A9BD2 /* Shopping.storyboard */ = {isa = PBXFileReference; lastKnownFileType = file.storyboard; path = Shopping.storyboard; sourceTree = "<group>"; };
		ECB718ED2B4FD087007A9BD2 /* Trip.storyboard */ = {isa = PBXFileReference; lastKnownFileType = file.storyboard; path = Trip.storyboard; sourceTree = "<group>"; };
		ECB718EF2B4FD0E1007A9BD2 /* City.storyboard */ = {isa = PBXFileReference; lastKnownFileType = file.storyboard; path = City.storyboard; sourceTree = "<group>"; };
		ECE03A552B4C1DB8006C9C32 /* TripTableViewController.swift */ = {isa = PBXFileReference; lastKnownFileType = sourcecode.swift; path = TripTableViewController.swift; sourceTree = "<group>"; };
		ECE03A572B4C1DD3006C9C32 /* TripTableViewCell.swift */ = {isa = PBXFileReference; lastKnownFileType = sourcecode.swift; path = TripTableViewCell.swift; sourceTree = "<group>"; };
		ECE9A6AC2B4EB9DE00C2212E /* CityInfo.swift */ = {isa = PBXFileReference; lastKnownFileType = sourcecode.swift; path = CityInfo.swift; sourceTree = "<group>"; };
		ECE9A6AE2B4EBA3500C2212E /* TripInfo.swift */ = {isa = PBXFileReference; lastKnownFileType = sourcecode.swift; path = TripInfo.swift; sourceTree = "<group>"; };
		ECEF696C2B4D51DF00CA8970 /* CityViewController.swift */ = {isa = PBXFileReference; lastKnownFileType = sourcecode.swift; path = CityViewController.swift; sourceTree = "<group>"; };
		ECEF696E2B4D53A800CA8970 /* CityCollectionViewCell.swift */ = {isa = PBXFileReference; lastKnownFileType = sourcecode.swift; path = CityCollectionViewCell.swift; sourceTree = "<group>"; };
		ECEF696F2B4D53A800CA8970 /* CityCollectionViewCell.xib */ = {isa = PBXFileReference; lastKnownFileType = file.xib; path = CityCollectionViewCell.xib; sourceTree = "<group>"; };
		ECF11C142B4C1083000B6936 /* ShoppingList.app */ = {isa = PBXFileReference; explicitFileType = wrapper.application; includeInIndex = 0; path = ShoppingList.app; sourceTree = BUILT_PRODUCTS_DIR; };
		ECF11C172B4C1083000B6936 /* AppDelegate.swift */ = {isa = PBXFileReference; lastKnownFileType = sourcecode.swift; path = AppDelegate.swift; sourceTree = "<group>"; };
		ECF11C192B4C1083000B6936 /* SceneDelegate.swift */ = {isa = PBXFileReference; lastKnownFileType = sourcecode.swift; path = SceneDelegate.swift; sourceTree = "<group>"; };
		ECF11C1B2B4C1083000B6936 /* ViewController.swift */ = {isa = PBXFileReference; lastKnownFileType = sourcecode.swift; path = ViewController.swift; sourceTree = "<group>"; };
		ECF11C1E2B4C1083000B6936 /* Base */ = {isa = PBXFileReference; lastKnownFileType = file.storyboard; name = Base; path = Base.lproj/Main.storyboard; sourceTree = "<group>"; };
		ECF11C202B4C1084000B6936 /* Assets.xcassets */ = {isa = PBXFileReference; lastKnownFileType = folder.assetcatalog; path = Assets.xcassets; sourceTree = "<group>"; };
		ECF11C232B4C1084000B6936 /* Base */ = {isa = PBXFileReference; lastKnownFileType = file.storyboard; name = Base; path = Base.lproj/LaunchScreen.storyboard; sourceTree = "<group>"; };
		ECF11C252B4C1084000B6936 /* Info.plist */ = {isa = PBXFileReference; lastKnownFileType = text.plist.xml; path = Info.plist; sourceTree = "<group>"; };
		ECF11C2B2B4C1105000B6936 /* ShoppingTableViewCell.swift */ = {isa = PBXFileReference; lastKnownFileType = sourcecode.swift; path = ShoppingTableViewCell.swift; sourceTree = "<group>"; };
		ECF11C2D2B4C111E000B6936 /* ShoppingTableViewController.swift */ = {isa = PBXFileReference; lastKnownFileType = sourcecode.swift; path = ShoppingTableViewController.swift; sourceTree = "<group>"; };
/* End PBXFileReference section */

/* Begin PBXFrameworksBuildPhase section */
		ECF11C112B4C1083000B6936 /* Frameworks */ = {
			isa = PBXFrameworksBuildPhase;
			buildActionMask = 2147483647;
			files = (
				ECE03A5B2B4C2042006C9C32 /* Kingfisher in Frameworks */,
			);
			runOnlyForDeploymentPostprocessing = 0;
		};
/* End PBXFrameworksBuildPhase section */

/* Begin PBXGroup section */
		ECE9A6AA2B4EB4E800C2212E /* Trip */ = {
			isa = PBXGroup;
			children = (
				ECE03A572B4C1DD3006C9C32 /* TripTableViewCell.swift */,
				ECE03A552B4C1DB8006C9C32 /* TripTableViewController.swift */,
				ECE9A6AE2B4EBA3500C2212E /* TripInfo.swift */,
				ECB718ED2B4FD087007A9BD2 /* Trip.storyboard */,
			);
			path = Trip;
			sourceTree = "<group>";
		};
		ECE9A6AB2B4EB4F800C2212E /* Shopping */ = {
			isa = PBXGroup;
			children = (
				ECF11C2B2B4C1105000B6936 /* ShoppingTableViewCell.swift */,
				ECF11C2D2B4C111E000B6936 /* ShoppingTableViewController.swift */,
				ECB718EB2B4FD064007A9BD2 /* Shopping.storyboard */,
			);
			path = Shopping;
			sourceTree = "<group>";
		};
		ECEF696B2B4D51C400CA8970 /* City */ = {
			isa = PBXGroup;
			children = (
				ECEF696C2B4D51DF00CA8970 /* CityViewController.swift */,
				ECEF696E2B4D53A800CA8970 /* CityCollectionViewCell.swift */,
				ECEF696F2B4D53A800CA8970 /* CityCollectionViewCell.xib */,
				ECE9A6AC2B4EB9DE00C2212E /* CityInfo.swift */,
				ECB718EF2B4FD0E1007A9BD2 /* City.storyboard */,
			);
			path = City;
			sourceTree = "<group>";
		};
		ECF11C0B2B4C1083000B6936 = {
			isa = PBXGroup;
			children = (
				ECF11C162B4C1083000B6936 /* ShoppingList */,
				ECF11C152B4C1083000B6936 /* Products */,
			);
			sourceTree = "<group>";
		};
		ECF11C152B4C1083000B6936 /* Products */ = {
			isa = PBXGroup;
			children = (
				ECF11C142B4C1083000B6936 /* ShoppingList.app */,
			);
			name = Products;
			sourceTree = "<group>";
		};
		ECF11C162B4C1083000B6936 /* ShoppingList */ = {
			isa = PBXGroup;
			children = (
				ECE9A6AB2B4EB4F800C2212E /* Shopping */,
				ECE9A6AA2B4EB4E800C2212E /* Trip */,
				ECEF696B2B4D51C400CA8970 /* City */,
				ECF11C172B4C1083000B6936 /* AppDelegate.swift */,
				ECF11C192B4C1083000B6936 /* SceneDelegate.swift */,
				ECF11C1B2B4C1083000B6936 /* ViewController.swift */,
				ECF11C1D2B4C1083000B6936 /* Main.storyboard */,
				ECF11C202B4C1084000B6936 /* Assets.xcassets */,
				ECF11C222B4C1084000B6936 /* LaunchScreen.storyboard */,
				ECF11C252B4C1084000B6936 /* Info.plist */,
			);
			path = ShoppingList;
			sourceTree = "<group>";
		};
/* End PBXGroup section */

/* Begin PBXNativeTarget section */
		ECF11C132B4C1083000B6936 /* ShoppingList */ = {
			isa = PBXNativeTarget;
			buildConfigurationList = ECF11C282B4C1085000B6936 /* Build configuration list for PBXNativeTarget "ShoppingList" */;
			buildPhases = (
				ECF11C102B4C1083000B6936 /* Sources */,
				ECF11C112B4C1083000B6936 /* Frameworks */,
				ECF11C122B4C1083000B6936 /* Resources */,
			);
			buildRules = (
			);
			dependencies = (
			);
			name = ShoppingList;
			packageProductDependencies = (
				ECE03A5A2B4C2042006C9C32 /* Kingfisher */,
			);
			productName = ShoppingList;
			productReference = ECF11C142B4C1083000B6936 /* ShoppingList.app */;
			productType = "com.apple.product-type.application";
		};
/* End PBXNativeTarget section */

/* Begin PBXProject section */
		ECF11C0C2B4C1083000B6936 /* Project object */ = {
			isa = PBXProject;
			attributes = {
				BuildIndependentTargetsInParallel = 1;
				LastSwiftUpdateCheck = 1510;
				LastUpgradeCheck = 1510;
				TargetAttributes = {
					ECF11C132B4C1083000B6936 = {
						CreatedOnToolsVersion = 15.1;
					};
				};
			};
			buildConfigurationList = ECF11C0F2B4C1083000B6936 /* Build configuration list for PBXProject "ShoppingList" */;
			compatibilityVersion = "Xcode 14.0";
			developmentRegion = en;
			hasScannedForEncodings = 0;
			knownRegions = (
				en,
				Base,
			);
			mainGroup = ECF11C0B2B4C1083000B6936;
			packageReferences = (
				ECE03A592B4C2042006C9C32 /* XCRemoteSwiftPackageReference "Kingfisher" */,
			);
			productRefGroup = ECF11C152B4C1083000B6936 /* Products */;
			projectDirPath = "";
			projectRoot = "";
			targets = (
				ECF11C132B4C1083000B6936 /* ShoppingList */,
			);
		};
/* End PBXProject section */

/* Begin PBXResourcesBuildPhase section */
		ECF11C122B4C1083000B6936 /* Resources */ = {
			isa = PBXResourcesBuildPhase;
			buildActionMask = 2147483647;
			files = (
				ECF11C242B4C1084000B6936 /* LaunchScreen.storyboard in Resources */,
				ECF11C212B4C1084000B6936 /* Assets.xcassets in Resources */,
				ECF11C1F2B4C1083000B6936 /* Main.storyboard in Resources */,
				ECB718F02B4FD0E1007A9BD2 /* City.storyboard in Resources */,
				ECB718EE2B4FD087007A9BD2 /* Trip.storyboard in Resources */,
				ECB718EC2B4FD064007A9BD2 /* Shopping.storyboard in Resources */,
				ECEF69712B4D53A800CA8970 /* CityCollectionViewCell.xib in Resources */,
			);
			runOnlyForDeploymentPostprocessing = 0;
		};
/* End PBXResourcesBuildPhase section */

/* Begin PBXSourcesBuildPhase section */
		ECF11C102B4C1083000B6936 /* Sources */ = {
			isa = PBXSourcesBuildPhase;
			buildActionMask = 2147483647;
			files = (
				ECF11C1C2B4C1083000B6936 /* ViewController.swift in Sources */,
				ECE03A582B4C1DD3006C9C32 /* TripTableViewCell.swift in Sources */,
				ECE9A6AD2B4EB9DE00C2212E /* CityInfo.swift in Sources */,
				ECF11C2C2B4C1105000B6936 /* ShoppingTableViewCell.swift in Sources */,
				ECEF696D2B4D51DF00CA8970 /* CityViewController.swift in Sources */,
				ECE9A6AF2B4EBA3500C2212E /* TripInfo.swift in Sources */,
				ECE03A562B4C1DB8006C9C32 /* TripTableViewController.swift in Sources */,
				ECF11C182B4C1083000B6936 /* AppDelegate.swift in Sources */,
				ECF11C2E2B4C111E000B6936 /* ShoppingTableViewController.swift in Sources */,
				ECEF69702B4D53A800CA8970 /* CityCollectionViewCell.swift in Sources */,
				ECF11C1A2B4C1083000B6936 /* SceneDelegate.swift in Sources */,
			);
			runOnlyForDeploymentPostprocessing = 0;
		};
/* End PBXSourcesBuildPhase section */

/* Begin PBXVariantGroup section */
		ECF11C1D2B4C1083000B6936 /* Main.storyboard */ = {
			isa = PBXVariantGroup;
			children = (
				ECF11C1E2B4C1083000B6936 /* Base */,
			);
			name = Main.storyboard;
			sourceTree = "<group>";
		};
		ECF11C222B4C1084000B6936 /* LaunchScreen.storyboard */ = {
			isa = PBXVariantGroup;
			children = (
				ECF11C232B4C1084000B6936 /* Base */,
			);
			name = LaunchScreen.storyboard;
			sourceTree = "<group>";
		};
/* End PBXVariantGroup section */

/* Begin XCBuildConfiguration section */
		ECF11C262B4C1084000B6936 /* Debug */ = {
			isa = XCBuildConfiguration;
			buildSettings = {
				ALWAYS_SEARCH_USER_PATHS = NO;
				ASSETCATALOG_COMPILER_GENERATE_SWIFT_ASSET_SYMBOL_EXTENSIONS = YES;
				CLANG_ANALYZER_NONNULL = YES;
				CLANG_ANALYZER_NUMBER_OBJECT_CONVERSION = YES_AGGRESSIVE;
				CLANG_CXX_LANGUAGE_STANDARD = "gnu++20";
				CLANG_ENABLE_MODULES = YES;
				CLANG_ENABLE_OBJC_ARC = YES;
				CLANG_ENABLE_OBJC_WEAK = YES;
				CLANG_WARN_BLOCK_CAPTURE_AUTORELEASING = YES;
				CLANG_WARN_BOOL_CONVERSION = YES;
				CLANG_WARN_COMMA = YES;
				CLANG_WARN_CONSTANT_CONVERSION = YES;
				CLANG_WARN_DEPRECATED_OBJC_IMPLEMENTATIONS = YES;
				CLANG_WARN_DIRECT_OBJC_ISA_USAGE = YES_ERROR;
				CLANG_WARN_DOCUMENTATION_COMMENTS = YES;
				CLANG_WARN_EMPTY_BODY = YES;
				CLANG_WARN_ENUM_CONVERSION = YES;
				CLANG_WARN_INFINITE_RECURSION = YES;
				CLANG_WARN_INT_CONVERSION = YES;
				CLANG_WARN_NON_LITERAL_NULL_CONVERSION = YES;
				CLANG_WARN_OBJC_IMPLICIT_RETAIN_SELF = YES;
				CLANG_WARN_OBJC_LITERAL_CONVERSION = YES;
				CLANG_WARN_OBJC_ROOT_CLASS = YES_ERROR;
				CLANG_WARN_QUOTED_INCLUDE_IN_FRAMEWORK_HEADER = YES;
				CLANG_WARN_RANGE_LOOP_ANALYSIS = YES;
				CLANG_WARN_STRICT_PROTOTYPES = YES;
				CLANG_WARN_SUSPICIOUS_MOVE = YES;
				CLANG_WARN_UNGUARDED_AVAILABILITY = YES_AGGRESSIVE;
				CLANG_WARN_UNREACHABLE_CODE = YES;
				CLANG_WARN__DUPLICATE_METHOD_MATCH = YES;
				COPY_PHASE_STRIP = NO;
				DEBUG_INFORMATION_FORMAT = dwarf;
				ENABLE_STRICT_OBJC_MSGSEND = YES;
				ENABLE_TESTABILITY = YES;
				ENABLE_USER_SCRIPT_SANDBOXING = YES;
				GCC_C_LANGUAGE_STANDARD = gnu17;
				GCC_DYNAMIC_NO_PIC = NO;
				GCC_NO_COMMON_BLOCKS = YES;
				GCC_OPTIMIZATION_LEVEL = 0;
				GCC_PREPROCESSOR_DEFINITIONS = (
					"DEBUG=1",
					"$(inherited)",
				);
				GCC_WARN_64_TO_32_BIT_CONVERSION = YES;
				GCC_WARN_ABOUT_RETURN_TYPE = YES_ERROR;
				GCC_WARN_UNDECLARED_SELECTOR = YES;
				GCC_WARN_UNINITIALIZED_AUTOS = YES_AGGRESSIVE;
				GCC_WARN_UNUSED_FUNCTION = YES;
				GCC_WARN_UNUSED_VARIABLE = YES;
				IPHONEOS_DEPLOYMENT_TARGET = 17.2;
				LOCALIZATION_PREFERS_STRING_CATALOGS = YES;
				MTL_ENABLE_DEBUG_INFO = INCLUDE_SOURCE;
				MTL_FAST_MATH = YES;
				ONLY_ACTIVE_ARCH = YES;
				SDKROOT = iphoneos;
				SWIFT_ACTIVE_COMPILATION_CONDITIONS = "DEBUG $(inherited)";
				SWIFT_OPTIMIZATION_LEVEL = "-Onone";
			};
			name = Debug;
		};
		ECF11C272B4C1084000B6936 /* Release */ = {
			isa = XCBuildConfiguration;
			buildSettings = {
				ALWAYS_SEARCH_USER_PATHS = NO;
				ASSETCATALOG_COMPILER_GENERATE_SWIFT_ASSET_SYMBOL_EXTENSIONS = YES;
				CLANG_ANALYZER_NONNULL = YES;
				CLANG_ANALYZER_NUMBER_OBJECT_CONVERSION = YES_AGGRESSIVE;
				CLANG_CXX_LANGUAGE_STANDARD = "gnu++20";
				CLANG_ENABLE_MODULES = YES;
				CLANG_ENABLE_OBJC_ARC = YES;
				CLANG_ENABLE_OBJC_WEAK = YES;
				CLANG_WARN_BLOCK_CAPTURE_AUTORELEASING = YES;
				CLANG_WARN_BOOL_CONVERSION = YES;
				CLANG_WARN_COMMA = YES;
				CLANG_WARN_CONSTANT_CONVERSION = YES;
				CLANG_WARN_DEPRECATED_OBJC_IMPLEMENTATIONS = YES;
				CLANG_WARN_DIRECT_OBJC_ISA_USAGE = YES_ERROR;
				CLANG_WARN_DOCUMENTATION_COMMENTS = YES;
				CLANG_WARN_EMPTY_BODY = YES;
				CLANG_WARN_ENUM_CONVERSION = YES;
				CLANG_WARN_INFINITE_RECURSION = YES;
				CLANG_WARN_INT_CONVERSION = YES;
				CLANG_WARN_NON_LITERAL_NULL_CONVERSION = YES;
				CLANG_WARN_OBJC_IMPLICIT_RETAIN_SELF = YES;
				CLANG_WARN_OBJC_LITERAL_CONVERSION = YES;
				CLANG_WARN_OBJC_ROOT_CLASS = YES_ERROR;
				CLANG_WARN_QUOTED_INCLUDE_IN_FRAMEWORK_HEADER = YES;
				CLANG_WARN_RANGE_LOOP_ANALYSIS = YES;
				CLANG_WARN_STRICT_PROTOTYPES = YES;
				CLANG_WARN_SUSPICIOUS_MOVE = YES;
				CLANG_WARN_UNGUARDED_AVAILABILITY = YES_AGGRESSIVE;
				CLANG_WARN_UNREACHABLE_CODE = YES;
				CLANG_WARN__DUPLICATE_METHOD_MATCH = YES;
				COPY_PHASE_STRIP = NO;
				DEBUG_INFORMATION_FORMAT = "dwarf-with-dsym";
				ENABLE_NS_ASSERTIONS = NO;
				ENABLE_STRICT_OBJC_MSGSEND = YES;
				ENABLE_USER_SCRIPT_SANDBOXING = YES;
				GCC_C_LANGUAGE_STANDARD = gnu17;
				GCC_NO_COMMON_BLOCKS = YES;
				GCC_WARN_64_TO_32_BIT_CONVERSION = YES;
				GCC_WARN_ABOUT_RETURN_TYPE = YES_ERROR;
				GCC_WARN_UNDECLARED_SELECTOR = YES;
				GCC_WARN_UNINITIALIZED_AUTOS = YES_AGGRESSIVE;
				GCC_WARN_UNUSED_FUNCTION = YES;
				GCC_WARN_UNUSED_VARIABLE = YES;
				IPHONEOS_DEPLOYMENT_TARGET = 17.2;
				LOCALIZATION_PREFERS_STRING_CATALOGS = YES;
				MTL_ENABLE_DEBUG_INFO = NO;
				MTL_FAST_MATH = YES;
				SDKROOT = iphoneos;
				SWIFT_COMPILATION_MODE = wholemodule;
				VALIDATE_PRODUCT = YES;
			};
			name = Release;
		};
		ECF11C292B4C1085000B6936 /* Debug */ = {
			isa = XCBuildConfiguration;
			buildSettings = {
				ASSETCATALOG_COMPILER_APPICON_NAME = AppIcon;
				ASSETCATALOG_COMPILER_GLOBAL_ACCENT_COLOR_NAME = AccentColor;
				CODE_SIGN_STYLE = Automatic;
				CURRENT_PROJECT_VERSION = 1;
				GENERATE_INFOPLIST_FILE = YES;
				INFOPLIST_FILE = ShoppingList/Info.plist;
				INFOPLIST_KEY_UIApplicationSupportsIndirectInputEvents = YES;
				INFOPLIST_KEY_UILaunchStoryboardName = LaunchScreen;
				INFOPLIST_KEY_UIMainStoryboardFile = Main;
				INFOPLIST_KEY_UISupportedInterfaceOrientations = UIInterfaceOrientationPortrait;
				INFOPLIST_KEY_UISupportedInterfaceOrientations_iPad = "UIInterfaceOrientationLandscapeLeft UIInterfaceOrientationLandscapeRight UIInterfaceOrientationPortrait UIInterfaceOrientationPortraitUpsideDown";
				LD_RUNPATH_SEARCH_PATHS = (
					"$(inherited)",
					"@executable_path/Frameworks",
				);
				MARKETING_VERSION = 1.0;
				PRODUCT_BUNDLE_IDENTIFIER = com.ssrr.ShoppingList;
				PRODUCT_NAME = "$(TARGET_NAME)";
				SUPPORTED_PLATFORMS = "iphoneos iphonesimulator";
				SUPPORTS_MACCATALYST = NO;
				SUPPORTS_MAC_DESIGNED_FOR_IPHONE_IPAD = NO;
				SWIFT_EMIT_LOC_STRINGS = YES;
				SWIFT_VERSION = 5.0;
				TARGETED_DEVICE_FAMILY = 1;
			};
			name = Debug;
		};
		ECF11C2A2B4C1085000B6936 /* Release */ = {
			isa = XCBuildConfiguration;
			buildSettings = {
				ASSETCATALOG_COMPILER_APPICON_NAME = AppIcon;
				ASSETCATALOG_COMPILER_GLOBAL_ACCENT_COLOR_NAME = AccentColor;
				CODE_SIGN_STYLE = Automatic;
				CURRENT_PROJECT_VERSION = 1;
				GENERATE_INFOPLIST_FILE = YES;
				INFOPLIST_FILE = ShoppingList/Info.plist;
				INFOPLIST_KEY_UIApplicationSupportsIndirectInputEvents = YES;
				INFOPLIST_KEY_UILaunchStoryboardName = LaunchScreen;
				INFOPLIST_KEY_UIMainStoryboardFile = Main;
				INFOPLIST_KEY_UISupportedInterfaceOrientations = UIInterfaceOrientationPortrait;
				INFOPLIST_KEY_UISupportedInterfaceOrientations_iPad = "UIInterfaceOrientationLandscapeLeft UIInterfaceOrientationLandscapeRight UIInterfaceOrientationPortrait UIInterfaceOrientationPortraitUpsideDown";
				LD_RUNPATH_SEARCH_PATHS = (
					"$(inherited)",
					"@executable_path/Frameworks",
				);
				MARKETING_VERSION = 1.0;
				PRODUCT_BUNDLE_IDENTIFIER = com.ssrr.ShoppingList;
				PRODUCT_NAME = "$(TARGET_NAME)";
				SUPPORTED_PLATFORMS = "iphoneos iphonesimulator";
				SUPPORTS_MACCATALYST = NO;
				SUPPORTS_MAC_DESIGNED_FOR_IPHONE_IPAD = NO;
				SWIFT_EMIT_LOC_STRINGS = YES;
				SWIFT_VERSION = 5.0;
				TARGETED_DEVICE_FAMILY = 1;
			};
			name = Release;
		};
/* End XCBuildConfiguration section */

/* Begin XCConfigurationList section */
		ECF11C0F2B4C1083000B6936 /* Build configuration list for PBXProject "ShoppingList" */ = {
			isa = XCConfigurationList;
			buildConfigurations = (
				ECF11C262B4C1084000B6936 /* Debug */,
				ECF11C272B4C1084000B6936 /* Release */,
			);
			defaultConfigurationIsVisible = 0;
			defaultConfigurationName = Release;
		};
		ECF11C282B4C1085000B6936 /* Build configuration list for PBXNativeTarget "ShoppingList" */ = {
			isa = XCConfigurationList;
			buildConfigurations = (
				ECF11C292B4C1085000B6936 /* Debug */,
				ECF11C2A2B4C1085000B6936 /* Release */,
			);
			defaultConfigurationIsVisible = 0;
			defaultConfigurationName = Release;
		};
/* End XCConfigurationList section */

/* Begin XCRemoteSwiftPackageReference section */
		ECE03A592B4C2042006C9C32 /* XCRemoteSwiftPackageReference "Kingfisher" */ = {
			isa = XCRemoteSwiftPackageReference;
			repositoryURL = "https://github.com/onevcat/Kingfisher.git";
			requirement = {
				kind = upToNextMajorVersion;
				minimumVersion = 7.10.1;
			};
		};
/* End XCRemoteSwiftPackageReference section */

/* Begin XCSwiftPackageProductDependency section */
		ECE03A5A2B4C2042006C9C32 /* Kingfisher */ = {
			isa = XCSwiftPackageProductDependency;
			package = ECE03A592B4C2042006C9C32 /* XCRemoteSwiftPackageReference "Kingfisher" */;
			productName = Kingfisher;
		};
/* End XCSwiftPackageProductDependency section */
	};
	rootObject = ECF11C0C2B4C1083000B6936 /* Project object */;
}
